
Microsoft Visual Studio Solution File, Format Version 12.00
# Visual Studio Version 17
VisualStudioVersion = 17.0.31903.59
MinimumVisualStudioVersion = 10.0.40219.1
Project("{FAE04EC0-301F-11D3-BF4B-00C04F79EFBC}") = "AspelTools.Server", "AspelTools\Server\AspelTools.Server.csproj", "{778C0163-F7A7-4790-ACA6-5D73DBF51D5D}"
EndProject
Project("{FAE04EC0-301F-11D3-BF4B-00C04F79EFBC}") = "AspelTools.Client", "AspelTools\Client\AspelTools.Client.csproj", "{A90390A8-8BA0-4999-8C22-945330205866}"
EndProject
Project("{FAE04EC0-301F-11D3-BF4B-00C04F79EFBC}") = "AspelTools.Shared", "AspelTools\Shared\AspelTools.Shared.csproj", "{EB48FD1A-BC63-4410-AA55-078448C48F3B}"
EndProject
Project("{2150E333-8FDC-42A3-9474-1A3956D46DE8}") = "Solution Items", "Solution Items", "{893F327E-D8D8-4D27-B7D0-14061F317189}"
	ProjectSection(SolutionItems) = preProject
		azure-pipelines.yml = azure-pipelines.yml
	EndProjectSection
EndProject
Global
	GlobalSection(SolutionConfigurationPlatforms) = preSolution
		Debug|Any CPU = Debug|Any CPU
		Release|Any CPU = Release|Any CPU
	EndGlobalSection
	GlobalSection(ProjectConfigurationPlatforms) = postSolution
		{778C0163-F7A7-4790-ACA6-5D73DBF51D5D}.Debug|Any CPU.ActiveCfg = Debug|Any CPU
		{778C0163-F7A7-4790-ACA6-5D73DBF51D5D}.Debug|Any CPU.Build.0 = Debug|Any CPU
		{778C0163-F7A7-4790-ACA6-5D73DBF51D5D}.Release|Any CPU.ActiveCfg = Release|Any CPU
		{778C0163-F7A7-4790-ACA6-5D73DBF51D5D}.Release|Any CPU.Build.0 = Release|Any CPU
		{A90390A8-8BA0-4999-8C22-945330205866}.Debug|Any CPU.ActiveCfg = Debug|Any CPU
		{A90390A8-8BA0-4999-8C22-945330205866}.Debug|Any CPU.Build.0 = Debug|Any CPU
		{A90390A8-8BA0-4999-8C22-945330205866}.Release|Any CPU.ActiveCfg = Release|Any CPU
		{A90390A8-8BA0-4999-8C22-945330205866}.Release|Any CPU.Build.0 = Release|Any CPU
		{EB48FD1A-BC63-4410-AA55-078448C48F3B}.Debug|Any CPU.ActiveCfg = Debug|Any CPU
		{EB48FD1A-BC63-4410-AA55-078448C48F3B}.Debug|Any CPU.Build.0 = Debug|Any CPU
		{EB48FD1A-BC63-4410-AA55-078448C48F3B}.Release|Any CPU.ActiveCfg = Release|Any CPU
		{EB48FD1A-BC63-4410-AA55-078448C48F3B}.Release|Any CPU.Build.0 = Release|Any CPU
	EndGlobalSection
	GlobalSection(SolutionProperties) = preSolution
		HideSolutionNode = FALSE
	EndGlobalSection
	GlobalSection(ExtensibilityGlobals) = postSolution
		SolutionGuid = {4A5F2465-DB39-4C71-9104-C684CFA91C8E}
	EndGlobalSection
EndGlobal
